
Microsoft Visual Studio Solution File, Format Version 12.00
# Visual Studio Version 17
VisualStudioVersion = 17.0.31912.275
MinimumVisualStudioVersion = 10.0.40219.1
Project("{8BC9CEB8-8B4A-11D0-8D11-00A0C91BC942}") = "Vape4DLL", "Vape4DLL\Vape4DLL.vcxproj", "{BDB93703-03C3-4F10-85D7-F3B424A6FE69}"
EndProject
Project("{8BC9CEB8-8B4A-11D0-8D11-00A0C91BC942}") = "LiteDLL", "LiteDLL\LiteDLL.vcxproj", "{8AEB0574-5774-4429-AE2F-9B0AAD651F53}"
EndProject
Project("{8BC9CEB8-8B4A-11D0-8D11-00A0C91BC942}") = "DLLCore", "DLLCore\DLLCore.vcxproj", "{1E2C24A7-00A4-49B9-B7C2-4A1C25AF7754}"
EndProject
Project("{8BC9CEB8-8B4A-11D0-8D11-00A0C91BC942}") = "LauncherCore", "LauncherCore\LauncherCore.vcxproj", "{DD81ECEB-AC69-4A85-B093-45A264FA3304}"
EndProject
Project("{2150E333-8FDC-42A3-9474-1A3956D46DE8}") = "Client", "Client", "{AD3BB8EC-D73E-4BFB-A66D-E4D4FA636338}"
EndProject
Project("{2150E333-8FDC-42A3-9474-1A3956D46DE8}") = "Core", "Core", "{42F0F48C-3CE0-49B3-8EE8-A212A2E2CE77}"
EndProject
Project("{2150E333-8FDC-42A3-9474-1A3956D46DE8}") = "Launcher", "Launcher", "{0E880322-F0D6-4441-AC87-083D43ED474B}"
EndProject
Project("{8BC9CEB8-8B4A-11D0-8D11-00A0C91BC942}") = "LiteLauncher", "LiteLauncher\LiteLauncher.vcxproj", "{6483284B-4316-43F8-8104-3CAD983A4EEB}"
EndProject
Project("{8BC9CEB8-8B4A-11D0-8D11-00A0C91BC942}") = "Vape4Launcher", "Vape4Launcher\Vape4Launcher.vcxproj", "{FB99C5F0-8B5B-4226-800F-056F2B0338AA}"
EndProject
Project("{8BC9CEB8-8B4A-11D0-8D11-00A0C91BC942}") = "SocketCore", "SocketCore\SocketCore.vcxproj", "{D679B069-BC85-452F-9A8E-02759F6FE681}"
EndProject
Project("{2150E333-8FDC-42A3-9474-1A3956D46DE8}") = "Solution Items", "Solution Items", "{B84E598C-996E-431D-BCFF-0342EB809040}"
	ProjectSection(SolutionItems) = preProject
		.clang-format = .clang-format
	EndProjectSection
EndProject
Global
	GlobalSection(SolutionConfigurationPlatforms) = preSolution
		Debug|x64 = Debug|x64
		Debug|x86 = Debug|x86
		Release|x64 = Release|x64
		Release|x86 = Release|x86
	EndGlobalSection
	GlobalSection(ProjectConfigurationPlatforms) = postSolution
		{BDB93703-03C3-4F10-85D7-F3B424A6FE69}.Debug|x64.ActiveCfg = Debug|x64
		{BDB93703-03C3-4F10-85D7-F3B424A6FE69}.Debug|x64.Build.0 = Debug|x64
		{BDB93703-03C3-4F10-85D7-F3B424A6FE69}.Debug|x86.ActiveCfg = Debug|Win32
		{BDB93703-03C3-4F10-85D7-F3B424A6FE69}.Debug|x86.Build.0 = Debug|Win32
		{BDB93703-03C3-4F10-85D7-F3B424A6FE69}.Release|x64.ActiveCfg = Release|x64
		{BDB93703-03C3-4F10-85D7-F3B424A6FE69}.Release|x64.Build.0 = Release|x64
		{BDB93703-03C3-4F10-85D7-F3B424A6FE69}.Release|x86.ActiveCfg = Release|Win32
		{BDB93703-03C3-4F10-85D7-F3B424A6FE69}.Release|x86.Build.0 = Release|Win32
		{8AEB0574-5774-4429-AE2F-9B0AAD651F53}.Debug|x64.ActiveCfg = Debug|x64
		{8AEB0574-5774-4429-AE2F-9B0AAD651F53}.Debug|x64.Build.0 = Debug|x64
		{8AEB0574-5774-4429-AE2F-9B0AAD651F53}.Debug|x86.ActiveCfg = Debug|Win32
		{8AEB0574-5774-4429-AE2F-9B0AAD651F53}.Debug|x86.Build.0 = Debug|Win32
		{8AEB0574-5774-4429-AE2F-9B0AAD651F53}.Release|x64.ActiveCfg = Release|x64
		{8AEB0574-5774-4429-AE2F-9B0AAD651F53}.Release|x64.Build.0 = Release|x64
		{8AEB0574-5774-4429-AE2F-9B0AAD651F53}.Release|x86.ActiveCfg = Release|Win32
		{8AEB0574-5774-4429-AE2F-9B0AAD651F53}.Release|x86.Build.0 = Release|Win32
		{1E2C24A7-00A4-49B9-B7C2-4A1C25AF7754}.Debug|x64.ActiveCfg = Debug|x64
		{1E2C24A7-00A4-49B9-B7C2-4A1C25AF7754}.Debug|x64.Build.0 = Debug|x64
		{1E2C24A7-00A4-49B9-B7C2-4A1C25AF7754}.Debug|x86.ActiveCfg = Debug|Win32
		{1E2C24A7-00A4-49B9-B7C2-4A1C25AF7754}.Debug|x86.Build.0 = Debug|Win32
		{1E2C24A7-00A4-49B9-B7C2-4A1C25AF7754}.Release|x64.ActiveCfg = Release|x64
		{1E2C24A7-00A4-49B9-B7C2-4A1C25AF7754}.Release|x64.Build.0 = Release|x64
		{1E2C24A7-00A4-49B9-B7C2-4A1C25AF7754}.Release|x86.ActiveCfg = Release|Win32
		{1E2C24A7-00A4-49B9-B7C2-4A1C25AF7754}.Release|x86.Build.0 = Release|Win32
		{DD81ECEB-AC69-4A85-B093-45A264FA3304}.Debug|x64.ActiveCfg = Debug|x64
		{DD81ECEB-AC69-4A85-B093-45A264FA3304}.Debug|x64.Build.0 = Debug|x64
		{DD81ECEB-AC69-4A85-B093-45A264FA3304}.Debug|x86.ActiveCfg = Debug|Win32
		{DD81ECEB-AC69-4A85-B093-45A264FA3304}.Debug|x86.Build.0 = Debug|Win32
		{DD81ECEB-AC69-4A85-B093-45A264FA3304}.Release|x64.ActiveCfg = Release|x64
		{DD81ECEB-AC69-4A85-B093-45A264FA3304}.Release|x64.Build.0 = Release|x64
		{DD81ECEB-AC69-4A85-B093-45A264FA3304}.Release|x86.ActiveCfg = Release|Win32
		{DD81ECEB-AC69-4A85-B093-45A264FA3304}.Release|x86.Build.0 = Release|Win32
		{6483284B-4316-43F8-8104-3CAD983A4EEB}.Debug|x64.ActiveCfg = Debug|x64
		{6483284B-4316-43F8-8104-3CAD983A4EEB}.Debug|x64.Build.0 = Debug|x64
		{6483284B-4316-43F8-8104-3CAD983A4EEB}.Debug|x86.ActiveCfg = Debug|Win32
		{6483284B-4316-43F8-8104-3CAD983A4EEB}.Debug|x86.Build.0 = Debug|Win32
		{6483284B-4316-43F8-8104-3CAD983A4EEB}.Release|x64.ActiveCfg = Release|x64
		{6483284B-4316-43F8-8104-3CAD983A4EEB}.Release|x64.Build.0 = Release|x64
		{6483284B-4316-43F8-8104-3CAD983A4EEB}.Release|x86.ActiveCfg = Release|Win32
		{6483284B-4316-43F8-8104-3CAD983A4EEB}.Release|x86.Build.0 = Release|Win32
		{FB99C5F0-8B5B-4226-800F-056F2B0338AA}.Debug|x64.ActiveCfg = Debug|x64
		{FB99C5F0-8B5B-4226-800F-056F2B0338AA}.Debug|x64.Build.0 = Debug|x64
		{FB99C5F0-8B5B-4226-800F-056F2B0338AA}.Debug|x86.ActiveCfg = Debug|Win32
		{FB99C5F0-8B5B-4226-800F-056F2B0338AA}.Debug|x86.Build.0 = Debug|Win32
		{FB99C5F0-8B5B-4226-800F-056F2B0338AA}.Release|x64.ActiveCfg = Release|x64
		{FB99C5F0-8B5B-4226-800F-056F2B0338AA}.Release|x64.Build.0 = Release|x64
		{FB99C5F0-8B5B-4226-800F-056F2B0338AA}.Release|x86.ActiveCfg = Release|Win32
		{FB99C5F0-8B5B-4226-800F-056F2B0338AA}.Release|x86.Build.0 = Release|Win32
		{D679B069-BC85-452F-9A8E-02759F6FE681}.Debug|x64.ActiveCfg = Debug|x64
		{D679B069-BC85-452F-9A8E-02759F6FE681}.Debug|x64.Build.0 = Debug|x64
		{D679B069-BC85-452F-9A8E-02759F6FE681}.Debug|x86.ActiveCfg = Debug|Win32
		{D679B069-BC85-452F-9A8E-02759F6FE681}.Debug|x86.Build.0 = Debug|Win32
		{D679B069-BC85-452F-9A8E-02759F6FE681}.Release|x64.ActiveCfg = Release|x64
		{D679B069-BC85-452F-9A8E-02759F6FE681}.Release|x64.Build.0 = Release|x64
		{D679B069-BC85-452F-9A8E-02759F6FE681}.Release|x86.ActiveCfg = Release|Win32
		{D679B069-BC85-452F-9A8E-02759F6FE681}.Release|x86.Build.0 = Release|Win32
	EndGlobalSection
	GlobalSection(SolutionProperties) = preSolution
		HideSolutionNode = FALSE
	EndGlobalSection
	GlobalSection(NestedProjects) = preSolution
		{BDB93703-03C3-4F10-85D7-F3B424A6FE69} = {AD3BB8EC-D73E-4BFB-A66D-E4D4FA636338}
		{8AEB0574-5774-4429-AE2F-9B0AAD651F53} = {AD3BB8EC-D73E-4BFB-A66D-E4D4FA636338}
		{1E2C24A7-00A4-49B9-B7C2-4A1C25AF7754} = {42F0F48C-3CE0-49B3-8EE8-A212A2E2CE77}
		{DD81ECEB-AC69-4A85-B093-45A264FA3304} = {42F0F48C-3CE0-49B3-8EE8-A212A2E2CE77}
		{6483284B-4316-43F8-8104-3CAD983A4EEB} = {0E880322-F0D6-4441-AC87-083D43ED474B}
		{FB99C5F0-8B5B-4226-800F-056F2B0338AA} = {0E880322-F0D6-4441-AC87-083D43ED474B}
		{D679B069-BC85-452F-9A8E-02759F6FE681} = {42F0F48C-3CE0-49B3-8EE8-A212A2E2CE77}
	EndGlobalSection
	GlobalSection(ExtensibilityGlobals) = postSolution
		SolutionGuid = {92B52117-C31D-4EC9-BEA5-D99BB750AE21}
	EndGlobalSection
EndGlobal
