
Microsoft Visual Studio Solution File, Format Version 12.00
# Visual Studio Version 17
VisualStudioVersion = 17.0.31912.275
MinimumVisualStudioVersion = 10.0.40219.1
Project("{8BC9CEB8-8B4A-11D0-8D11-00A0C91BC942}") = "Vape4DLL", "Vape4DLL\Vape4DLL.vcxproj", "{02CC67F5-B857-4425-BF74-748795590965}"
EndProject
Project("{8BC9CEB8-8B4A-11D0-8D11-00A0C91BC942}") = "Injector", "Injector\Injector.vcxproj", "{E8F5D98B-8EA3-4FFF-A1F6-C4C51CC33829}"
EndProject
Global
	GlobalSection(SolutionConfigurationPlatforms) = preSolution
		Debug|x64 = Debug|x64
		Debug|x86 = Debug|x86
		Release|x64 = Release|x64
		Release|x86 = Release|x86
	EndGlobalSection
	GlobalSection(ProjectConfigurationPlatforms) = postSolution
		{02CC67F5-B857-4425-BF74-748795590965}.Debug|x64.ActiveCfg = Debug|x64
		{02CC67F5-B857-4425-BF74-748795590965}.Debug|x64.Build.0 = Debug|x64
		{02CC67F5-B857-4425-BF74-748795590965}.Debug|x86.ActiveCfg = Debug|Win32
		{02CC67F5-B857-4425-BF74-748795590965}.Debug|x86.Build.0 = Debug|Win32
		{02CC67F5-B857-4425-BF74-748795590965}.Release|x64.ActiveCfg = Release|x64
		{02CC67F5-B857-4425-BF74-748795590965}.Release|x64.Build.0 = Release|x64
		{02CC67F5-B857-4425-BF74-748795590965}.Release|x86.ActiveCfg = Release|Win32
		{02CC67F5-B857-4425-BF74-748795590965}.Release|x86.Build.0 = Release|Win32
		{E8F5D98B-8EA3-4FFF-A1F6-C4C51CC33829}.Debug|x64.ActiveCfg = Debug|x64
		{E8F5D98B-8EA3-4FFF-A1F6-C4C51CC33829}.Debug|x64.Build.0 = Debug|x64
		{E8F5D98B-8EA3-4FFF-A1F6-C4C51CC33829}.Debug|x86.ActiveCfg = Debug|Win32
		{E8F5D98B-8EA3-4FFF-A1F6-C4C51CC33829}.Debug|x86.Build.0 = Debug|Win32
		{E8F5D98B-8EA3-4FFF-A1F6-C4C51CC33829}.Release|x64.ActiveCfg = Release|x64
		{E8F5D98B-8EA3-4FFF-A1F6-C4C51CC33829}.Release|x64.Build.0 = Release|x64
		{E8F5D98B-8EA3-4FFF-A1F6-C4C51CC33829}.Release|x86.ActiveCfg = Release|Win32
		{E8F5D98B-8EA3-4FFF-A1F6-C4C51CC33829}.Release|x86.Build.0 = Release|Win32
	EndGlobalSection
	GlobalSection(SolutionProperties) = preSolution
		HideSolutionNode = FALSE
	EndGlobalSection
	GlobalSection(ExtensibilityGlobals) = postSolution
		SolutionGuid = {438BC164-2B41-4F7C-906F-238C20847B2D}
	EndGlobalSection
EndGlobal
